// !$*UTF8*$!
{
	archiveVersion = 1;
	classes = {
	};
	objectVersion = 56;
	objects = {

/* Begin PBXBuildFile section */
		19D3CE062A41F57B000051CF /* FirebaseDatabase in Frameworks */ = {isa = PBXBuildFile; productRef = 19D3CE052A41F57B000051CF /* FirebaseDatabase */; };
		19D3CE0A2A41F87A000051CF /* MapView.swift in Sources */ = {isa = PBXBuildFile; fileRef = 19D3CE092A41F87A000051CF /* MapView.swift */; };
		19D3CE0C2A41F95A000051CF /* GoogleService-Info.plist in Resources */ = {isa = PBXBuildFile; fileRef = 19D3CE0B2A41F95A000051CF /* GoogleService-Info.plist */; };
		A1196C282A407307000A0925 /* AddPhotoSheet.swift in Sources */ = {isa = PBXBuildFile; fileRef = A1196C272A407307000A0925 /* AddPhotoSheet.swift */; };
		A13205AD2A96832C004B15AB /* Tabb.swift in Sources */ = {isa = PBXBuildFile; fileRef = A13205AC2A96832C004B15AB /* Tabb.swift */; };
		A13205AF2A968354004B15AB /* TabShape.swift in Sources */ = {isa = PBXBuildFile; fileRef = A13205AE2A968354004B15AB /* TabShape.swift */; };
		A13205B12A96836A004B15AB /* Homee.swift in Sources */ = {isa = PBXBuildFile; fileRef = A13205B02A96836A004B15AB /* Homee.swift */; };
		A13205B32A968390004B15AB /* ContentTabBar.swift in Sources */ = {isa = PBXBuildFile; fileRef = A13205B22A968390004B15AB /* ContentTabBar.swift */; };
		A142E5582A40A08D0007D772 /* SDWebImageSwiftUI in Frameworks */ = {isa = PBXBuildFile; productRef = A142E5572A40A08D0007D772 /* SDWebImageSwiftUI */; };
		A142E55B2A40A1D40007D772 /* FirebaseStorage in Frameworks */ = {isa = PBXBuildFile; productRef = A142E55A2A40A1D40007D772 /* FirebaseStorage */; };
		A142E55F2A40BFEF0007D772 /* FormPage.swift in Sources */ = {isa = PBXBuildFile; fileRef = A142E55E2A40BFEF0007D772 /* FormPage.swift */; };
		A142E5802A40D9C30007D772 /* CarViewModel.swift in Sources */ = {isa = PBXBuildFile; fileRef = A142E57F2A40D9C30007D772 /* CarViewModel.swift */; };
		A15569542A3E345700F7D7E2 /* LogInPage.swift in Sources */ = {isa = PBXBuildFile; fileRef = A15569532A3E345700F7D7E2 /* LogInPage.swift */; };
		A15569562A3E349300F7D7E2 /* SignUpPage.swift in Sources */ = {isa = PBXBuildFile; fileRef = A15569552A3E349300F7D7E2 /* SignUpPage.swift */; };
		A15569582A3E34B200F7D7E2 /* GradientBackground.swift in Sources */ = {isa = PBXBuildFile; fileRef = A15569572A3E34B200F7D7E2 /* GradientBackground.swift */; };
		A15569612A3F317000F7D7E2 /* BrandListModel.swift in Sources */ = {isa = PBXBuildFile; fileRef = A15569602A3F317000F7D7E2 /* BrandListModel.swift */; };
		A15A7CA02A3A1F1800F32999 /* CustomNavBarView.swift in Sources */ = {isa = PBXBuildFile; fileRef = A15A7C9F2A3A1F1800F32999 /* CustomNavBarView.swift */; };
		A15A7CB82A3CF62D00F32999 /* FirebaseAuth in Frameworks */ = {isa = PBXBuildFile; productRef = A15A7CB72A3CF62D00F32999 /* FirebaseAuth */; };
		A15A7CBA2A3CF62D00F32999 /* FirebaseFirestore in Frameworks */ = {isa = PBXBuildFile; productRef = A15A7CB92A3CF62D00F32999 /* FirebaseFirestore */; };
		A15D99C72A434D4100CB5C57 /* OnBoardingStep.swift in Sources */ = {isa = PBXBuildFile; fileRef = A15D99C62A434D4100CB5C57 /* OnBoardingStep.swift */; };
		A188456C2A5314DA000FEBC5 /* SplashScreen.swift in Sources */ = {isa = PBXBuildFile; fileRef = A188456B2A5314DA000FEBC5 /* SplashScreen.swift */; };
		A18845732A5429B5000FEBC5 /* Car.swift in Sources */ = {isa = PBXBuildFile; fileRef = A18845722A5429B5000FEBC5 /* Car.swift */; };
		A18845752A5429BB000FEBC5 /* Cart.swift in Sources */ = {isa = PBXBuildFile; fileRef = A18845742A5429BB000FEBC5 /* Cart.swift */; };
		A18845772A5429C1000FEBC5 /* Tab.swift in Sources */ = {isa = PBXBuildFile; fileRef = A18845762A5429C1000FEBC5 /* Tab.swift */; };
		A188457C2A542A29000FEBC5 /* CustomCarousel.swift in Sources */ = {isa = PBXBuildFile; fileRef = A188457B2A542A29000FEBC5 /* CustomCarousel.swift */; };
		A188457E2A542A2E000FEBC5 /* CustomCorner.swift in Sources */ = {isa = PBXBuildFile; fileRef = A188457D2A542A2E000FEBC5 /* CustomCorner.swift */; };
		A18845802A542A32000FEBC5 /* DetailView.swift in Sources */ = {isa = PBXBuildFile; fileRef = A188457F2A542A32000FEBC5 /* DetailView.swift */; };
		A18845822A542A35000FEBC5 /* HomeView.swift in Sources */ = {isa = PBXBuildFile; fileRef = A18845812A542A35000FEBC5 /* HomeView.swift */; };
		A18845842A542A39000FEBC5 /* MainView.swift in Sources */ = {isa = PBXBuildFile; fileRef = A18845832A542A39000FEBC5 /* MainView.swift */; };
		A18845862A542B26000FEBC5 /* SheetDetilCar.swift in Sources */ = {isa = PBXBuildFile; fileRef = A18845852A542B26000FEBC5 /* SheetDetilCar.swift */; };
		A1936BF62A91739D00A860F5 /* GG.swift in Sources */ = {isa = PBXBuildFile; fileRef = A1936BF52A91739D00A860F5 /* GG.swift */; };
		A1936BF92A92773700A860F5 /* LoadingView.swift in Sources */ = {isa = PBXBuildFile; fileRef = A1936BF82A92773600A860F5 /* LoadingView.swift */; };
		A1936BFB2A92773D00A860F5 /* LoadingPage.swift in Sources */ = {isa = PBXBuildFile; fileRef = A1936BFA2A92773D00A860F5 /* LoadingPage.swift */; };
		A1BB03602A37016D00C9A701 /* FinalProjectApp.swift in Sources */ = {isa = PBXBuildFile; fileRef = A1BB035F2A37016D00C9A701 /* FinalProjectApp.swift */; };
		A1BB03622A37016D00C9A701 /* ContentView.swift in Sources */ = {isa = PBXBuildFile; fileRef = A1BB03612A37016D00C9A701 /* ContentView.swift */; };
		A1BB03642A37016E00C9A701 /* Assets.xcassets in Resources */ = {isa = PBXBuildFile; fileRef = A1BB03632A37016E00C9A701 /* Assets.xcassets */; };
		A1BB03672A37016E00C9A701 /* Preview Assets.xcassets in Resources */ = {isa = PBXBuildFile; fileRef = A1BB03662A37016E00C9A701 /* Preview Assets.xcassets */; };
		A1BB03882A37CFE500C9A701 /* BaseView.swift in Sources */ = {isa = PBXBuildFile; fileRef = A1BB03872A37CFE500C9A701 /* BaseView.swift */; };
		A1BB038A2A37D0D500C9A701 /* SideMenuVie.swift in Sources */ = {isa = PBXBuildFile; fileRef = A1BB03892A37D0D500C9A701 /* SideMenuVie.swift */; };
		A1BB038C2A38FBD700C9A701 /* HomeSideMenu.swift in Sources */ = {isa = PBXBuildFile; fileRef = A1BB038B2A38FBD700C9A701 /* HomeSideMenu.swift */; };
/* End PBXBuildFile section */

/* Begin PBXFileReference section */
		19D3CE092A41F87A000051CF /* MapView.swift */ = {isa = PBXFileReference; lastKnownFileType = sourcecode.swift; path = MapView.swift; sourceTree = "<group>"; };
		19D3CE0B2A41F95A000051CF /* GoogleService-Info.plist */ = {isa = PBXFileReference; fileEncoding = 4; lastKnownFileType = text.plist.xml; path = "GoogleService-Info.plist"; sourceTree = "<group>"; };
		19D3CE2F2A41FC39000051CF /* Info.plist */ = {isa = PBXFileReference; lastKnownFileType = text.plist; path = Info.plist; sourceTree = "<group>"; };
		A1196C272A407307000A0925 /* AddPhotoSheet.swift */ = {isa = PBXFileReference; lastKnownFileType = sourcecode.swift; path = AddPhotoSheet.swift; sourceTree = "<group>"; };
		A13205AC2A96832C004B15AB /* Tabb.swift */ = {isa = PBXFileReference; lastKnownFileType = sourcecode.swift; path = Tabb.swift; sourceTree = "<group>"; };
		A13205AE2A968354004B15AB /* TabShape.swift */ = {isa = PBXFileReference; lastKnownFileType = sourcecode.swift; path = TabShape.swift; sourceTree = "<group>"; };
		A13205B02A96836A004B15AB /* Homee.swift */ = {isa = PBXFileReference; lastKnownFileType = sourcecode.swift; path = Homee.swift; sourceTree = "<group>"; };
		A13205B22A968390004B15AB /* ContentTabBar.swift */ = {isa = PBXFileReference; lastKnownFileType = sourcecode.swift; path = ContentTabBar.swift; sourceTree = "<group>"; };
		A142E55E2A40BFEF0007D772 /* FormPage.swift */ = {isa = PBXFileReference; lastKnownFileType = sourcecode.swift; path = FormPage.swift; sourceTree = "<group>"; };
		A142E57F2A40D9C30007D772 /* CarViewModel.swift */ = {isa = PBXFileReference; lastKnownFileType = sourcecode.swift; path = CarViewModel.swift; sourceTree = "<group>"; };
		A15569532A3E345700F7D7E2 /* LogInPage.swift */ = {isa = PBXFileReference; lastKnownFileType = sourcecode.swift; path = LogInPage.swift; sourceTree = "<group>"; };
		A15569552A3E349300F7D7E2 /* SignUpPage.swift */ = {isa = PBXFileReference; lastKnownFileType = sourcecode.swift; path = SignUpPage.swift; sourceTree = "<group>"; };
		A15569572A3E34B200F7D7E2 /* GradientBackground.swift */ = {isa = PBXFileReference; lastKnownFileType = sourcecode.swift; path = GradientBackground.swift; sourceTree = "<group>"; };
		A15569602A3F317000F7D7E2 /* BrandListModel.swift */ = {isa = PBXFileReference; lastKnownFileType = sourcecode.swift; path = BrandListModel.swift; sourceTree = "<group>"; };
		A15A7C9F2A3A1F1800F32999 /* CustomNavBarView.swift */ = {isa = PBXFileReference; lastKnownFileType = sourcecode.swift; path = CustomNavBarView.swift; sourceTree = "<group>"; };
		A15D99C62A434D4100CB5C57 /* OnBoardingStep.swift */ = {isa = PBXFileReference; lastKnownFileType = sourcecode.swift; path = OnBoardingStep.swift; sourceTree = "<group>"; };
		A188456B2A5314DA000FEBC5 /* SplashScreen.swift */ = {isa = PBXFileReference; fileEncoding = 4; lastKnownFileType = sourcecode.swift; path = SplashScreen.swift; sourceTree = "<group>"; };
		A18845722A5429B5000FEBC5 /* Car.swift */ = {isa = PBXFileReference; fileEncoding = 4; lastKnownFileType = sourcecode.swift; path = Car.swift; sourceTree = "<group>"; };
		A18845742A5429BB000FEBC5 /* Cart.swift */ = {isa = PBXFileReference; lastKnownFileType = sourcecode.swift; path = Cart.swift; sourceTree = "<group>"; };
		A18845762A5429C1000FEBC5 /* Tab.swift */ = {isa = PBXFileReference; lastKnownFileType = sourcecode.swift; path = Tab.swift; sourceTree = "<group>"; };
		A188457B2A542A29000FEBC5 /* CustomCarousel.swift */ = {isa = PBXFileReference; fileEncoding = 4; lastKnownFileType = sourcecode.swift; path = CustomCarousel.swift; sourceTree = "<group>"; };
		A188457D2A542A2E000FEBC5 /* CustomCorner.swift */ = {isa = PBXFileReference; lastKnownFileType = sourcecode.swift; path = CustomCorner.swift; sourceTree = "<group>"; };
		A188457F2A542A32000FEBC5 /* DetailView.swift */ = {isa = PBXFileReference; lastKnownFileType = sourcecode.swift; path = DetailView.swift; sourceTree = "<group>"; };
		A18845812A542A35000FEBC5 /* HomeView.swift */ = {isa = PBXFileReference; lastKnownFileType = sourcecode.swift; path = HomeView.swift; sourceTree = "<group>"; };
		A18845832A542A39000FEBC5 /* MainView.swift */ = {isa = PBXFileReference; lastKnownFileType = sourcecode.swift; path = MainView.swift; sourceTree = "<group>"; };
		A18845852A542B26000FEBC5 /* SheetDetilCar.swift */ = {isa = PBXFileReference; fileEncoding = 4; lastKnownFileType = sourcecode.swift; path = SheetDetilCar.swift; sourceTree = "<group>"; };
		A1936BF52A91739D00A860F5 /* GG.swift */ = {isa = PBXFileReference; lastKnownFileType = sourcecode.swift; path = GG.swift; sourceTree = "<group>"; };
		A1936BF82A92773600A860F5 /* LoadingView.swift */ = {isa = PBXFileReference; fileEncoding = 4; lastKnownFileType = sourcecode.swift; path = LoadingView.swift; sourceTree = "<group>"; };
		A1936BFA2A92773D00A860F5 /* LoadingPage.swift */ = {isa = PBXFileReference; fileEncoding = 4; lastKnownFileType = sourcecode.swift; path = LoadingPage.swift; sourceTree = "<group>"; };
		A1BB035C2A37016D00C9A701 /* Hwalek.app */ = {isa = PBXFileReference; explicitFileType = wrapper.application; includeInIndex = 0; path = Hwalek.app; sourceTree = BUILT_PRODUCTS_DIR; };
		A1BB035F2A37016D00C9A701 /* FinalProjectApp.swift */ = {isa = PBXFileReference; lastKnownFileType = sourcecode.swift; path = FinalProjectApp.swift; sourceTree = "<group>"; };
		A1BB03612A37016D00C9A701 /* ContentView.swift */ = {isa = PBXFileReference; lastKnownFileType = sourcecode.swift; path = ContentView.swift; sourceTree = "<group>"; };
		A1BB03632A37016E00C9A701 /* Assets.xcassets */ = {isa = PBXFileReference; lastKnownFileType = folder.assetcatalog; path = Assets.xcassets; sourceTree = "<group>"; };
		A1BB03662A37016E00C9A701 /* Preview Assets.xcassets */ = {isa = PBXFileReference; lastKnownFileType = folder.assetcatalog; path = "Preview Assets.xcassets"; sourceTree = "<group>"; };
		A1BB03872A37CFE500C9A701 /* BaseView.swift */ = {isa = PBXFileReference; lastKnownFileType = sourcecode.swift; path = BaseView.swift; sourceTree = "<group>"; };
		A1BB03892A37D0D500C9A701 /* SideMenuVie.swift */ = {isa = PBXFileReference; lastKnownFileType = sourcecode.swift; path = SideMenuVie.swift; sourceTree = "<group>"; };
		A1BB038B2A38FBD700C9A701 /* HomeSideMenu.swift */ = {isa = PBXFileReference; lastKnownFileType = sourcecode.swift; path = HomeSideMenu.swift; sourceTree = "<group>"; };
/* End PBXFileReference section */

/* Begin PBXFrameworksBuildPhase section */
		A1BB03592A37016D00C9A701 /* Frameworks */ = {
			isa = PBXFrameworksBuildPhase;
			buildActionMask = 2147483647;
			files = (
				19D3CE062A41F57B000051CF /* FirebaseDatabase in Frameworks */,
				A142E5582A40A08D0007D772 /* SDWebImageSwiftUI in Frameworks */,
				A142E55B2A40A1D40007D772 /* FirebaseStorage in Frameworks */,
				A15A7CB82A3CF62D00F32999 /* FirebaseAuth in Frameworks */,
				A15A7CBA2A3CF62D00F32999 /* FirebaseFirestore in Frameworks */,
			);
			runOnlyForDeploymentPostprocessing = 0;
		};
/* End PBXFrameworksBuildPhase section */

/* Begin PBXGroup section */
		19D3CE032A41F522000051CF /* Map */ = {
			isa = PBXGroup;
			children = (
				A18845852A542B26000FEBC5 /* SheetDetilCar.swift */,
				19D3CE092A41F87A000051CF /* MapView.swift */,
			);
			path = Map;
			sourceTree = "<group>";
		};
		A13205AB2A96824A004B15AB /* Tab */ = {
			isa = PBXGroup;
			children = (
				A13205AC2A96832C004B15AB /* Tabb.swift */,
				A13205AE2A968354004B15AB /* TabShape.swift */,
				A13205B02A96836A004B15AB /* Homee.swift */,
				A13205B22A968390004B15AB /* ContentTabBar.swift */,
			);
			path = Tab;
			sourceTree = "<group>";
		};
		A142E57E2A40D9940007D772 /* CarForm */ = {
			isa = PBXGroup;
			children = (
				A15A7C9F2A3A1F1800F32999 /* CustomNavBarView.swift */,
				A1196C272A407307000A0925 /* AddPhotoSheet.swift */,
				A142E57F2A40D9C30007D772 /* CarViewModel.swift */,
				A15569602A3F317000F7D7E2 /* BrandListModel.swift */,
				A142E55E2A40BFEF0007D772 /* FormPage.swift */,
			);
			path = CarForm;
			sourceTree = "<group>";
		};
		A15569522A3E341900F7D7E2 /* Authentication */ = {
			isa = PBXGroup;
			children = (
				A15569572A3E34B200F7D7E2 /* GradientBackground.swift */,
				A15569532A3E345700F7D7E2 /* LogInPage.swift */,
				A15569552A3E349300F7D7E2 /* SignUpPage.swift */,
			);
			path = Authentication;
			sourceTree = "<group>";
		};
		A18845712A5429AC000FEBC5 /* CarRentalModel */ = {
			isa = PBXGroup;
			children = (
				A18845722A5429B5000FEBC5 /* Car.swift */,
				A18845742A5429BB000FEBC5 /* Cart.swift */,
				A18845762A5429C1000FEBC5 /* Tab.swift */,
			);
			path = CarRentalModel;
			sourceTree = "<group>";
		};
		A188457A2A542A1F000FEBC5 /* CarRental */ = {
			isa = PBXGroup;
			children = (
				A188457B2A542A29000FEBC5 /* CustomCarousel.swift */,
				A188457D2A542A2E000FEBC5 /* CustomCorner.swift */,
				A188457F2A542A32000FEBC5 /* DetailView.swift */,
				A18845812A542A35000FEBC5 /* HomeView.swift */,
				A18845832A542A39000FEBC5 /* MainView.swift */,
			);
			path = CarRental;
			sourceTree = "<group>";
		};
		A1936BF72A92771400A860F5 /* SplashScreen */ = {
			isa = PBXGroup;
			children = (
				A188456B2A5314DA000FEBC5 /* SplashScreen.swift */,
				A1936BF82A92773600A860F5 /* LoadingView.swift */,
				A1936BFA2A92773D00A860F5 /* LoadingPage.swift */,
				A15D99C62A434D4100CB5C57 /* OnBoardingStep.swift */,
			);
			path = SplashScreen;
			sourceTree = "<group>";
		};
		A1BB03532A37016D00C9A701 = {
			isa = PBXGroup;
			children = (
				A13205AB2A96824A004B15AB /* Tab */,
				A1936BF52A91739D00A860F5 /* GG.swift */,
				19D3CE0B2A41F95A000051CF /* GoogleService-Info.plist */,
				A1936BF72A92771400A860F5 /* SplashScreen */,
				A15569522A3E341900F7D7E2 /* Authentication */,
				A1BB036E2A37020A00C9A701 /* Home */,
				19D3CE032A41F522000051CF /* Map */,
				A142E57E2A40D9940007D772 /* CarForm */,
				A18845712A5429AC000FEBC5 /* CarRentalModel */,
				A188457A2A542A1F000FEBC5 /* CarRental */,
				A1BB035E2A37016D00C9A701 /* FinalProject */,
				A1BB035D2A37016D00C9A701 /* Products */,
			);
			sourceTree = "<group>";
		};
		A1BB035D2A37016D00C9A701 /* Products */ = {
			isa = PBXGroup;
			children = (
				A1BB035C2A37016D00C9A701 /* Hwalek.app */,
			);
			name = Products;
			sourceTree = "<group>";
		};
		A1BB035E2A37016D00C9A701 /* FinalProject */ = {
			isa = PBXGroup;
			children = (
				19D3CE2F2A41FC39000051CF /* Info.plist */,
				A1BB035F2A37016D00C9A701 /* FinalProjectApp.swift */,
				A1BB03612A37016D00C9A701 /* ContentView.swift */,
				A1BB03632A37016E00C9A701 /* Assets.xcassets */,
				A1BB03652A37016E00C9A701 /* Preview Content */,
			);
			path = FinalProject;
			sourceTree = "<group>";
		};
		A1BB03652A37016E00C9A701 /* Preview Content */ = {
			isa = PBXGroup;
			children = (
				A1BB03662A37016E00C9A701 /* Preview Assets.xcassets */,
			);
			path = "Preview Content";
			sourceTree = "<group>";
		};
		A1BB036E2A37020A00C9A701 /* Home */ = {
			isa = PBXGroup;
			children = (
				A1BB03872A37CFE500C9A701 /* BaseView.swift */,
				A1BB03892A37D0D500C9A701 /* SideMenuVie.swift */,
				A1BB038B2A38FBD700C9A701 /* HomeSideMenu.swift */,
			);
			path = Home;
			sourceTree = "<group>";
		};
/* End PBXGroup section */

/* Begin PBXNativeTarget section */
		A1BB035B2A37016D00C9A701 /* Hwalek */ = {
			isa = PBXNativeTarget;
			buildConfigurationList = A1BB036A2A37016E00C9A701 /* Build configuration list for PBXNativeTarget "Hwalek" */;
			buildPhases = (
				A1BB03582A37016D00C9A701 /* Sources */,
				A1BB03592A37016D00C9A701 /* Frameworks */,
				A1BB035A2A37016D00C9A701 /* Resources */,
			);
			buildRules = (
			);
			dependencies = (
			);
			name = Hwalek;
			packageProductDependencies = (
				A15A7CB72A3CF62D00F32999 /* FirebaseAuth */,
				A15A7CB92A3CF62D00F32999 /* FirebaseFirestore */,
				A142E5572A40A08D0007D772 /* SDWebImageSwiftUI */,
				A142E55A2A40A1D40007D772 /* FirebaseStorage */,
				19D3CE052A41F57B000051CF /* FirebaseDatabase */,
			);
			productName = FinalProject;
			productReference = A1BB035C2A37016D00C9A701 /* Hwalek.app */;
			productType = "com.apple.product-type.application";
		};
/* End PBXNativeTarget section */

/* Begin PBXProject section */
		A1BB03542A37016D00C9A701 /* Project object */ = {
			isa = PBXProject;
			attributes = {
				BuildIndependentTargetsInParallel = 1;
				LastSwiftUpdateCheck = 1430;
				LastUpgradeCheck = 1430;
				TargetAttributes = {
					A1BB035B2A37016D00C9A701 = {
						CreatedOnToolsVersion = 14.3.1;
					};
				};
			};
			buildConfigurationList = A1BB03572A37016D00C9A701 /* Build configuration list for PBXProject "Hwalek" */;
			compatibilityVersion = "Xcode 14.0";
			developmentRegion = en;
			hasScannedForEncodings = 0;
			knownRegions = (
				en,
				Base,
			);
			mainGroup = A1BB03532A37016D00C9A701;
			packageReferences = (
				A15A7CB62A3CF62C00F32999 /* XCRemoteSwiftPackageReference "firebase-ios-sdk" */,
				A142E5562A40A08C0007D772 /* XCRemoteSwiftPackageReference "SDWebImageSwiftUI" */,
			);
			productRefGroup = A1BB035D2A37016D00C9A701 /* Products */;
			projectDirPath = "";
			projectRoot = "";
			targets = (
				A1BB035B2A37016D00C9A701 /* Hwalek */,
			);
		};
/* End PBXProject section */

/* Begin PBXResourcesBuildPhase section */
		A1BB035A2A37016D00C9A701 /* Resources */ = {
			isa = PBXResourcesBuildPhase;
			buildActionMask = 2147483647;
			files = (
				19D3CE0C2A41F95A000051CF /* GoogleService-Info.plist in Resources */,
				A1BB03672A37016E00C9A701 /* Preview Assets.xcassets in Resources */,
				A1BB03642A37016E00C9A701 /* Assets.xcassets in Resources */,
			);
			runOnlyForDeploymentPostprocessing = 0;
		};
/* End PBXResourcesBuildPhase section */

/* Begin PBXSourcesBuildPhase section */
		A1BB03582A37016D00C9A701 /* Sources */ = {
			isa = PBXSourcesBuildPhase;
			buildActionMask = 2147483647;
			files = (
				A188456C2A5314DA000FEBC5 /* SplashScreen.swift in Sources */,
				A18845732A5429B5000FEBC5 /* Car.swift in Sources */,
				A15569542A3E345700F7D7E2 /* LogInPage.swift in Sources */,
				A18845772A5429C1000FEBC5 /* Tab.swift in Sources */,
				A15A7CA02A3A1F1800F32999 /* CustomNavBarView.swift in Sources */,
				A1BB038A2A37D0D500C9A701 /* SideMenuVie.swift in Sources */,
				A18845802A542A32000FEBC5 /* DetailView.swift in Sources */,
				A1BB03882A37CFE500C9A701 /* BaseView.swift in Sources */,
				A1936BF92A92773700A860F5 /* LoadingView.swift in Sources */,
				A13205AF2A968354004B15AB /* TabShape.swift in Sources */,
				A188457E2A542A2E000FEBC5 /* CustomCorner.swift in Sources */,
				A15569562A3E349300F7D7E2 /* SignUpPage.swift in Sources */,
				A1BB03622A37016D00C9A701 /* ContentView.swift in Sources */,
				A18845752A5429BB000FEBC5 /* Cart.swift in Sources */,
				A1BB038C2A38FBD700C9A701 /* HomeSideMenu.swift in Sources */,
				A18845862A542B26000FEBC5 /* SheetDetilCar.swift in Sources */,
				A1936BFB2A92773D00A860F5 /* LoadingPage.swift in Sources */,
				A18845822A542A35000FEBC5 /* HomeView.swift in Sources */,
				A1936BF62A91739D00A860F5 /* GG.swift in Sources */,
				A15569612A3F317000F7D7E2 /* BrandListModel.swift in Sources */,
				19D3CE0A2A41F87A000051CF /* MapView.swift in Sources */,
				A13205B32A968390004B15AB /* ContentTabBar.swift in Sources */,
				A13205B12A96836A004B15AB /* Homee.swift in Sources */,
				A188457C2A542A29000FEBC5 /* CustomCarousel.swift in Sources */,
				A18845842A542A39000FEBC5 /* MainView.swift in Sources */,
				A1196C282A407307000A0925 /* AddPhotoSheet.swift in Sources */,
				A142E5802A40D9C30007D772 /* CarViewModel.swift in Sources */,
				A1BB03602A37016D00C9A701 /* FinalProjectApp.swift in Sources */,
				A15569582A3E34B200F7D7E2 /* GradientBackground.swift in Sources */,
				A15D99C72A434D4100CB5C57 /* OnBoardingStep.swift in Sources */,
				A142E55F2A40BFEF0007D772 /* FormPage.swift in Sources */,
				A13205AD2A96832C004B15AB /* Tabb.swift in Sources */,
			);
			runOnlyForDeploymentPostprocessing = 0;
		};
/* End PBXSourcesBuildPhase section */

/* Begin XCBuildConfiguration section */
		A1BB03682A37016E00C9A701 /* Debug */ = {
			isa = XCBuildConfiguration;
			buildSettings = {
				ALWAYS_SEARCH_USER_PATHS = NO;
				CLANG_ANALYZER_NONNULL = YES;
				CLANG_ANALYZER_NUMBER_OBJECT_CONVERSION = YES_AGGRESSIVE;
				CLANG_CXX_LANGUAGE_STANDARD = "gnu++20";
				CLANG_ENABLE_MODULES = YES;
				CLANG_ENABLE_OBJC_ARC = YES;
				CLANG_ENABLE_OBJC_WEAK = YES;
				CLANG_WARN_BLOCK_CAPTURE_AUTORELEASING = YES;
				CLANG_WARN_BOOL_CONVERSION = YES;
				CLANG_WARN_COMMA = YES;
				CLANG_WARN_CONSTANT_CONVERSION = YES;
				CLANG_WARN_DEPRECATED_OBJC_IMPLEMENTATIONS = YES;
				CLANG_WARN_DIRECT_OBJC_ISA_USAGE = YES_ERROR;
				CLANG_WARN_DOCUMENTATION_COMMENTS = YES;
				CLANG_WARN_EMPTY_BODY = YES;
				CLANG_WARN_ENUM_CONVERSION = YES;
				CLANG_WARN_INFINITE_RECURSION = YES;
				CLANG_WARN_INT_CONVERSION = YES;
				CLANG_WARN_NON_LITERAL_NULL_CONVERSION = YES;
				CLANG_WARN_OBJC_IMPLICIT_RETAIN_SELF = YES;
				CLANG_WARN_OBJC_LITERAL_CONVERSION = YES;
				CLANG_WARN_OBJC_ROOT_CLASS = YES_ERROR;
				CLANG_WARN_QUOTED_INCLUDE_IN_FRAMEWORK_HEADER = YES;
				CLANG_WARN_RANGE_LOOP_ANALYSIS = YES;
				CLANG_WARN_STRICT_PROTOTYPES = YES;
				CLANG_WARN_SUSPICIOUS_MOVE = YES;
				CLANG_WARN_UNGUARDED_AVAILABILITY = YES_AGGRESSIVE;
				CLANG_WARN_UNREACHABLE_CODE = YES;
				CLANG_WARN__DUPLICATE_METHOD_MATCH = YES;
				COPY_PHASE_STRIP = NO;
				DEBUG_INFORMATION_FORMAT = dwarf;
				ENABLE_STRICT_OBJC_MSGSEND = YES;
				ENABLE_TESTABILITY = YES;
				GCC_C_LANGUAGE_STANDARD = gnu11;
				GCC_DYNAMIC_NO_PIC = NO;
				GCC_NO_COMMON_BLOCKS = YES;
				GCC_OPTIMIZATION_LEVEL = 0;
				GCC_PREPROCESSOR_DEFINITIONS = (
					"DEBUG=1",
					"$(inherited)",
				);
				GCC_WARN_64_TO_32_BIT_CONVERSION = YES;
				GCC_WARN_ABOUT_RETURN_TYPE = YES_ERROR;
				GCC_WARN_UNDECLARED_SELECTOR = YES;
				GCC_WARN_UNINITIALIZED_AUTOS = YES_AGGRESSIVE;
				GCC_WARN_UNUSED_FUNCTION = YES;
				GCC_WARN_UNUSED_VARIABLE = YES;
				IPHONEOS_DEPLOYMENT_TARGET = 16.4;
				MTL_ENABLE_DEBUG_INFO = INCLUDE_SOURCE;
				MTL_FAST_MATH = YES;
				ONLY_ACTIVE_ARCH = YES;
				SDKROOT = iphoneos;
				SWIFT_ACTIVE_COMPILATION_CONDITIONS = DEBUG;
				SWIFT_OPTIMIZATION_LEVEL = "-Onone";
			};
			name = Debug;
		};
		A1BB03692A37016E00C9A701 /* Release */ = {
			isa = XCBuildConfiguration;
			buildSettings = {
				ALWAYS_SEARCH_USER_PATHS = NO;
				CLANG_ANALYZER_NONNULL = YES;
				CLANG_ANALYZER_NUMBER_OBJECT_CONVERSION = YES_AGGRESSIVE;
				CLANG_CXX_LANGUAGE_STANDARD = "gnu++20";
				CLANG_ENABLE_MODULES = YES;
				CLANG_ENABLE_OBJC_ARC = YES;
				CLANG_ENABLE_OBJC_WEAK = YES;
				CLANG_WARN_BLOCK_CAPTURE_AUTORELEASING = YES;
				CLANG_WARN_BOOL_CONVERSION = YES;
				CLANG_WARN_COMMA = YES;
				CLANG_WARN_CONSTANT_CONVERSION = YES;
				CLANG_WARN_DEPRECATED_OBJC_IMPLEMENTATIONS = YES;
				CLANG_WARN_DIRECT_OBJC_ISA_USAGE = YES_ERROR;
				CLANG_WARN_DOCUMENTATION_COMMENTS = YES;
				CLANG_WARN_EMPTY_BODY = YES;
				CLANG_WARN_ENUM_CONVERSION = YES;
				CLANG_WARN_INFINITE_RECURSION = YES;
				CLANG_WARN_INT_CONVERSION = YES;
				CLANG_WARN_NON_LITERAL_NULL_CONVERSION = YES;
				CLANG_WARN_OBJC_IMPLICIT_RETAIN_SELF = YES;
				CLANG_WARN_OBJC_LITERAL_CONVERSION = YES;
				CLANG_WARN_OBJC_ROOT_CLASS = YES_ERROR;
				CLANG_WARN_QUOTED_INCLUDE_IN_FRAMEWORK_HEADER = YES;
				CLANG_WARN_RANGE_LOOP_ANALYSIS = YES;
				CLANG_WARN_STRICT_PROTOTYPES = YES;
				CLANG_WARN_SUSPICIOUS_MOVE = YES;
				CLANG_WARN_UNGUARDED_AVAILABILITY = YES_AGGRESSIVE;
				CLANG_WARN_UNREACHABLE_CODE = YES;
				CLANG_WARN__DUPLICATE_METHOD_MATCH = YES;
				COPY_PHASE_STRIP = NO;
				DEBUG_INFORMATION_FORMAT = "dwarf-with-dsym";
				ENABLE_NS_ASSERTIONS = NO;
				ENABLE_STRICT_OBJC_MSGSEND = YES;
				GCC_C_LANGUAGE_STANDARD = gnu11;
				GCC_NO_COMMON_BLOCKS = YES;
				GCC_WARN_64_TO_32_BIT_CONVERSION = YES;
				GCC_WARN_ABOUT_RETURN_TYPE = YES_ERROR;
				GCC_WARN_UNDECLARED_SELECTOR = YES;
				GCC_WARN_UNINITIALIZED_AUTOS = YES_AGGRESSIVE;
				GCC_WARN_UNUSED_FUNCTION = YES;
				GCC_WARN_UNUSED_VARIABLE = YES;
				IPHONEOS_DEPLOYMENT_TARGET = 16.4;
				MTL_ENABLE_DEBUG_INFO = NO;
				MTL_FAST_MATH = YES;
				SDKROOT = iphoneos;
				SWIFT_COMPILATION_MODE = wholemodule;
				SWIFT_OPTIMIZATION_LEVEL = "-O";
				VALIDATE_PRODUCT = YES;
			};
			name = Release;
		};
		A1BB036B2A37016E00C9A701 /* Debug */ = {
			isa = XCBuildConfiguration;
			buildSettings = {
				ASSETCATALOG_COMPILER_APPICON_NAME = AppIcon;
				ASSETCATALOG_COMPILER_GLOBAL_ACCENT_COLOR_NAME = AccentColor;
				CODE_SIGN_STYLE = Automatic;
				CURRENT_PROJECT_VERSION = 1;
				DEVELOPMENT_ASSET_PATHS = "\"FinalProject/Preview Content\"";
				ENABLE_PREVIEWS = YES;
				GENERATE_INFOPLIST_FILE = YES;
				INFOPLIST_FILE = FinalProject/Info.plist;
				INFOPLIST_KEY_NSLocationUsageDescription = "TestAppleMapes needs your Location";
				INFOPLIST_KEY_NSLocationWhenInUseUsageDescription = "TestAppleMapes needs your Location";
				INFOPLIST_KEY_UIApplicationSceneManifest_Generation = YES;
				INFOPLIST_KEY_UIApplicationSupportsIndirectInputEvents = YES;
				INFOPLIST_KEY_UILaunchScreen_Generation = YES;
				INFOPLIST_KEY_UISupportedInterfaceOrientations_iPad = "UIInterfaceOrientationPortrait UIInterfaceOrientationPortraitUpsideDown UIInterfaceOrientationLandscapeLeft UIInterfaceOrientationLandscapeRight";
				INFOPLIST_KEY_UISupportedInterfaceOrientations_iPhone = "UIInterfaceOrientationPortrait UIInterfaceOrientationLandscapeLeft UIInterfaceOrientationLandscapeRight";
				LD_RUNPATH_SEARCH_PATHS = (
					"$(inherited)",
					"@executable_path/Frameworks",
				);
				MARKETING_VERSION = 1.0;
				PRODUCT_BUNDLE_IDENTIFIER = com.myorganization.FinalProject;
				PRODUCT_NAME = "$(TARGET_NAME)";
				SWIFT_EMIT_LOC_STRINGS = YES;
				SWIFT_VERSION = 5.0;
				TARGETED_DEVICE_FAMILY = "1,2";
			};
			name = Debug;
		};
		A1BB036C2A37016E00C9A701 /* Release */ = {
			isa = XCBuildConfiguration;
			buildSettings = {
				ASSETCATALOG_COMPILER_APPICON_NAME = AppIcon;
				ASSETCATALOG_COMPILER_GLOBAL_ACCENT_COLOR_NAME = AccentColor;
				CODE_SIGN_STYLE = Automatic;
				CURRENT_PROJECT_VERSION = 1;
				DEVELOPMENT_ASSET_PATHS = "\"FinalProject/Preview Content\"";
				ENABLE_PREVIEWS = YES;
				GENERATE_INFOPLIST_FILE = YES;
				INFOPLIST_FILE = FinalProject/Info.plist;
				INFOPLIST_KEY_NSLocationUsageDescription = "TestAppleMapes needs your Location";
				INFOPLIST_KEY_NSLocationWhenInUseUsageDescription = "TestAppleMapes needs your Location";
				INFOPLIST_KEY_UIApplicationSceneManifest_Generation = YES;
				INFOPLIST_KEY_UIApplicationSupportsIndirectInputEvents = YES;
				INFOPLIST_KEY_UILaunchScreen_Generation = YES;
				INFOPLIST_KEY_UISupportedInterfaceOrientations_iPad = "UIInterfaceOrientationPortrait UIInterfaceOrientationPortraitUpsideDown UIInterfaceOrientationLandscapeLeft UIInterfaceOrientationLandscapeRight";
				INFOPLIST_KEY_UISupportedInterfaceOrientations_iPhone = "UIInterfaceOrientationPortrait UIInterfaceOrientationLandscapeLeft UIInterfaceOrientationLandscapeRight";
				LD_RUNPATH_SEARCH_PATHS = (
					"$(inherited)",
					"@executable_path/Frameworks",
				);
				MARKETING_VERSION = 1.0;
				PRODUCT_BUNDLE_IDENTIFIER = com.myorganization.FinalProject;
				PRODUCT_NAME = "$(TARGET_NAME)";
				SWIFT_EMIT_LOC_STRINGS = YES;
				SWIFT_VERSION = 5.0;
				TARGETED_DEVICE_FAMILY = "1,2";
			};
			name = Release;
		};
/* End XCBuildConfiguration section */

/* Begin XCConfigurationList section */
		A1BB03572A37016D00C9A701 /* Build configuration list for PBXProject "Hwalek" */ = {
			isa = XCConfigurationList;
			buildConfigurations = (
				A1BB03682A37016E00C9A701 /* Debug */,
				A1BB03692A37016E00C9A701 /* Release */,
			);
			defaultConfigurationIsVisible = 0;
			defaultConfigurationName = Release;
		};
		A1BB036A2A37016E00C9A701 /* Build configuration list for PBXNativeTarget "Hwalek" */ = {
			isa = XCConfigurationList;
			buildConfigurations = (
				A1BB036B2A37016E00C9A701 /* Debug */,
				A1BB036C2A37016E00C9A701 /* Release */,
			);
			defaultConfigurationIsVisible = 0;
			defaultConfigurationName = Release;
		};
/* End XCConfigurationList section */

/* Begin XCRemoteSwiftPackageReference section */
		A142E5562A40A08C0007D772 /* XCRemoteSwiftPackageReference "SDWebImageSwiftUI" */ = {
			isa = XCRemoteSwiftPackageReference;
			repositoryURL = "https://github.com/SDWebImage/SDWebImageSwiftUI";
			requirement = {
				kind = upToNextMajorVersion;
				minimumVersion = 2.0.0;
			};
		};
		A15A7CB62A3CF62C00F32999 /* XCRemoteSwiftPackageReference "firebase-ios-sdk" */ = {
			isa = XCRemoteSwiftPackageReference;
			repositoryURL = "https://github.com/firebase/firebase-ios-sdk";
			requirement = {
				kind = upToNextMajorVersion;
				minimumVersion = 10.0.0;
			};
		};
/* End XCRemoteSwiftPackageReference section */

/* Begin XCSwiftPackageProductDependency section */
		19D3CE052A41F57B000051CF /* FirebaseDatabase */ = {
			isa = XCSwiftPackageProductDependency;
			package = A15A7CB62A3CF62C00F32999 /* XCRemoteSwiftPackageReference "firebase-ios-sdk" */;
			productName = FirebaseDatabase;
		};
		A142E5572A40A08D0007D772 /* SDWebImageSwiftUI */ = {
			isa = XCSwiftPackageProductDependency;
			package = A142E5562A40A08C0007D772 /* XCRemoteSwiftPackageReference "SDWebImageSwiftUI" */;
			productName = SDWebImageSwiftUI;
		};
		A142E55A2A40A1D40007D772 /* FirebaseStorage */ = {
			isa = XCSwiftPackageProductDependency;
			package = A15A7CB62A3CF62C00F32999 /* XCRemoteSwiftPackageReference "firebase-ios-sdk" */;
			productName = FirebaseStorage;
		};
		A15A7CB72A3CF62D00F32999 /* FirebaseAuth */ = {
			isa = XCSwiftPackageProductDependency;
			package = A15A7CB62A3CF62C00F32999 /* XCRemoteSwiftPackageReference "firebase-ios-sdk" */;
			productName = FirebaseAuth;
		};
		A15A7CB92A3CF62D00F32999 /* FirebaseFirestore */ = {
			isa = XCSwiftPackageProductDependency;
			package = A15A7CB62A3CF62C00F32999 /* XCRemoteSwiftPackageReference "firebase-ios-sdk" */;
			productName = FirebaseFirestore;
		};
/* End XCSwiftPackageProductDependency section */
	};
	rootObject = A1BB03542A37016D00C9A701 /* Project object */;
}
